
Microsoft Visual Studio Solution File, Format Version 12.00
# Visual Studio Version 16
VisualStudioVersion = 16.0.31729.503
MinimumVisualStudioVersion = 10.0.40219.1
Project("{FAE04EC0-301F-11D3-BF4B-00C04F79EFBC}") = "ZooShop", "ZooShop\ZooShop.csproj", "{26250CB9-5B43-44F2-B445-A6D95C65B8B3}"
EndProject
Global
	GlobalSection(SolutionConfigurationPlatforms) = preSolution
		Debug|Any CPU = Debug|Any CPU
		Release|Any CPU = Release|Any CPU
	EndGlobalSection
	GlobalSection(ProjectConfigurationPlatforms) = postSolution
		{26250CB9-5B43-44F2-B445-A6D95C65B8B3}.Debug|Any CPU.ActiveCfg = Debug|Any CPU
		{26250CB9-5B43-44F2-B445-A6D95C65B8B3}.Debug|Any CPU.Build.0 = Debug|Any CPU
		{26250CB9-5B43-44F2-B445-A6D95C65B8B3}.Release|Any CPU.ActiveCfg = Release|Any CPU
		{26250CB9-5B43-44F2-B445-A6D95C65B8B3}.Release|Any CPU.Build.0 = Release|Any CPU
	EndGlobalSection
	GlobalSection(SolutionProperties) = preSolution
		HideSolutionNode = FALSE
	EndGlobalSection
	GlobalSection(ExtensibilityGlobals) = postSolution
		SolutionGuid = {2D36A159-2147-48B6-B436-52CFCC973F9B}
	EndGlobalSection
EndGlobal
